
Microsoft Visual Studio Solution File, Format Version 12.00
# Visual Studio 2017
Project("{FAE04EC0-301F-11D3-BF4B-00C04F79EFBC}") = "Metal Gear Hawking.Plugins", "Metal Gear Hawking.Plugins.csproj", "{CDCDFA47-FF52-B099-1F73-DE5FD93BC63A}"
EndProject
Project("{FAE04EC0-301F-11D3-BF4B-00C04F79EFBC}") = "Metal Gear Hawking.Editor.Plugins", "Metal Gear Hawking.Editor.Plugins.csproj", "{65C07602-8D9B-675C-6BAB-6122E744C30A}"
EndProject
Global
	GlobalSection(SolutionConfigurationPlatforms) = preSolution
		Debug|Any CPU = Debug|Any CPU
		Release|Any CPU = Release|Any CPU
	EndGlobalSection
	GlobalSection(ProjectConfigurationPlatforms) = postSolution
		{CDCDFA47-FF52-B099-1F73-DE5FD93BC63A}.Debug|Any CPU.ActiveCfg = Debug|Any CPU
		{CDCDFA47-FF52-B099-1F73-DE5FD93BC63A}.Debug|Any CPU.Build.0 = Debug|Any CPU
		{CDCDFA47-FF52-B099-1F73-DE5FD93BC63A}.Release|Any CPU.ActiveCfg = Release|Any CPU
		{CDCDFA47-FF52-B099-1F73-DE5FD93BC63A}.Release|Any CPU.Build.0 = Release|Any CPU
		{65C07602-8D9B-675C-6BAB-6122E744C30A}.Debug|Any CPU.ActiveCfg = Debug|Any CPU
		{65C07602-8D9B-675C-6BAB-6122E744C30A}.Debug|Any CPU.Build.0 = Debug|Any CPU
		{65C07602-8D9B-675C-6BAB-6122E744C30A}.Release|Any CPU.ActiveCfg = Release|Any CPU
		{65C07602-8D9B-675C-6BAB-6122E744C30A}.Release|Any CPU.Build.0 = Release|Any CPU
	EndGlobalSection
	GlobalSection(SolutionProperties) = preSolution
		HideSolutionNode = FALSE
	EndGlobalSection
EndGlobal
